
Microsoft Visual Studio Solution File, Format Version 11.00
# Visual Studio 2010
Project("{FAE04EC0-301F-11D3-BF4B-00C04F79EFBC}") = "Computer_GraphicsP", "WindowsFormsApplication8\Computer_GraphicsP.csproj", "{393447A3-BE8E-4136-9BD1-CBB58CC1E5A3}"
EndProject
Global
	GlobalSection(SolutionConfigurationPlatforms) = preSolution
		Debug|x86 = Debug|x86
		Release|x86 = Release|x86
	EndGlobalSection
	GlobalSection(ProjectConfigurationPlatforms) = postSolution
		{393447A3-BE8E-4136-9BD1-CBB58CC1E5A3}.Debug|x86.ActiveCfg = Debug|x86
		{393447A3-BE8E-4136-9BD1-CBB58CC1E5A3}.Debug|x86.Build.0 = Debug|x86
		{393447A3-BE8E-4136-9BD1-CBB58CC1E5A3}.Release|x86.ActiveCfg = Release|x86
		{393447A3-BE8E-4136-9BD1-CBB58CC1E5A3}.Release|x86.Build.0 = Release|x86
	EndGlobalSection
	GlobalSection(SolutionProperties) = preSolution
		HideSolutionNode = FALSE
	EndGlobalSection
EndGlobal
